
Microsoft Visual Studio Solution File, Format Version 12.00
# Visual Studio Version 17
VisualStudioVersion = 17.4.33205.214
MinimumVisualStudioVersion = 10.0.40219.1
Project("{FAE04EC0-301F-11D3-BF4B-00C04F79EFBC}") = "Sclad", "Sclad.csproj", "{1C54F5EF-8B3F-4CA0-9AD5-CFEF4D0D3A87}"
EndProject
Global
	GlobalSection(SolutionConfigurationPlatforms) = preSolution
		Debug|Any CPU = Debug|Any CPU
		Release|Any CPU = Release|Any CPU
	EndGlobalSection
	GlobalSection(ProjectConfigurationPlatforms) = postSolution
		{1C54F5EF-8B3F-4CA0-9AD5-CFEF4D0D3A87}.Debug|Any CPU.ActiveCfg = Debug|Any CPU
		{1C54F5EF-8B3F-4CA0-9AD5-CFEF4D0D3A87}.Debug|Any CPU.Build.0 = Debug|Any CPU
		{1C54F5EF-8B3F-4CA0-9AD5-CFEF4D0D3A87}.Release|Any CPU.ActiveCfg = Release|Any CPU
		{1C54F5EF-8B3F-4CA0-9AD5-CFEF4D0D3A87}.Release|Any CPU.Build.0 = Release|Any CPU
	EndGlobalSection
	GlobalSection(SolutionProperties) = preSolution
		HideSolutionNode = FALSE
	EndGlobalSection
	GlobalSection(ExtensibilityGlobals) = postSolution
		SolutionGuid = {F2517C70-EA48-4954-807B-87A26EBDB4CD}
	EndGlobalSection
EndGlobal
